
Microsoft Visual Studio Solution File, Format Version 12.00
# Visual Studio Version 17
VisualStudioVersion = 17.6.33712.159
MinimumVisualStudioVersion = 10.0.40219.1
Project("{FAE04EC0-301F-11D3-BF4B-00C04F79EFBC}") = "LifeSyncMVCWebApp", "LifeSyncMVCWebApp\LifeSyncMVCWebApp.csproj", "{AEFB6D7F-D6C6-46BD-8205-1A89DA3EE604}"
EndProject
Global
	GlobalSection(SolutionConfigurationPlatforms) = preSolution
		Debug|Any CPU = Debug|Any CPU
		Release|Any CPU = Release|Any CPU
	EndGlobalSection
	GlobalSection(ProjectConfigurationPlatforms) = postSolution
		{AEFB6D7F-D6C6-46BD-8205-1A89DA3EE604}.Debug|Any CPU.ActiveCfg = Debug|Any CPU
		{AEFB6D7F-D6C6-46BD-8205-1A89DA3EE604}.Debug|Any CPU.Build.0 = Debug|Any CPU
		{AEFB6D7F-D6C6-46BD-8205-1A89DA3EE604}.Release|Any CPU.ActiveCfg = Release|Any CPU
		{AEFB6D7F-D6C6-46BD-8205-1A89DA3EE604}.Release|Any CPU.Build.0 = Release|Any CPU
	EndGlobalSection
	GlobalSection(SolutionProperties) = preSolution
		HideSolutionNode = FALSE
	EndGlobalSection
	GlobalSection(ExtensibilityGlobals) = postSolution
		SolutionGuid = {0C7EB5C5-BAAF-4D7E-B6F4-F3B604C94C79}
	EndGlobalSection
EndGlobal
